{
	"name": "vorant94",
	"lockfileVersion": 3,
	"requires": true,
	"packages": {
		"": {
			"name": "vorant94",
			"devDependencies": {
				"@biomejs/biome": "^1.9.4",
				"lefthook": "^1.10.1"
			}
		},
		"node_modules/@biomejs/biome": {
			"version": "1.9.4",
			"resolved": "https://registry.npmjs.org/@biomejs/biome/-/biome-1.9.4.tgz",
			"integrity": "sha512-1rkd7G70+o9KkTn5KLmDYXihGoTaIGO9PIIN2ZB7UJxFrWw04CZHPYiMRjYsaDvVV7hP1dYNRLxSANLaBFGpog==",
			"dev": true,
			"hasInstallScript": true,
			"license": "MIT OR Apache-2.0",
			"bin": {
				"biome": "bin/biome"
			},
			"engines": {
				"node": ">=14.21.3"
			},
			"funding": {
				"type": "opencollective",
				"url": "https://opencollective.com/biome"
			},
			"optionalDependencies": {
				"@biomejs/cli-darwin-arm64": "1.9.4",
				"@biomejs/cli-darwin-x64": "1.9.4",
				"@biomejs/cli-linux-arm64": "1.9.4",
				"@biomejs/cli-linux-arm64-musl": "1.9.4",
				"@biomejs/cli-linux-x64": "1.9.4",
				"@biomejs/cli-linux-x64-musl": "1.9.4",
				"@biomejs/cli-win32-arm64": "1.9.4",
				"@biomejs/cli-win32-x64": "1.9.4"
			}
		},
		"node_modules/@biomejs/cli-darwin-arm64": {
			"version": "1.9.4",
			"resolved": "https://registry.npmjs.org/@biomejs/cli-darwin-arm64/-/cli-darwin-arm64-1.9.4.tgz",
			"integrity": "sha512-bFBsPWrNvkdKrNCYeAp+xo2HecOGPAy9WyNyB/jKnnedgzl4W4Hb9ZMzYNbf8dMCGmUdSavlYHiR01QaYR58cw==",
			"cpu": [
				"arm64"
			],
			"dev": true,
			"license": "MIT OR Apache-2.0",
			"optional": true,
			"os": [
				"darwin"
			],
			"engines": {
				"node": ">=14.21.3"
			}
		},
		"node_modules/@biomejs/cli-darwin-x64": {
			"version": "1.9.4",
			"resolved": "https://registry.npmjs.org/@biomejs/cli-darwin-x64/-/cli-darwin-x64-1.9.4.tgz",
			"integrity": "sha512-ngYBh/+bEedqkSevPVhLP4QfVPCpb+4BBe2p7Xs32dBgs7rh9nY2AIYUL6BgLw1JVXV8GlpKmb/hNiuIxfPfZg==",
			"cpu": [
				"x64"
			],
			"dev": true,
			"license": "MIT OR Apache-2.0",
			"optional": true,
			"os": [
				"darwin"
			],
			"engines": {
				"node": ">=14.21.3"
			}
		},
		"node_modules/@biomejs/cli-linux-arm64": {
			"version": "1.9.4",
			"resolved": "https://registry.npmjs.org/@biomejs/cli-linux-arm64/-/cli-linux-arm64-1.9.4.tgz",
			"integrity": "sha512-fJIW0+LYujdjUgJJuwesP4EjIBl/N/TcOX3IvIHJQNsAqvV2CHIogsmA94BPG6jZATS4Hi+xv4SkBBQSt1N4/g==",
			"cpu": [
				"arm64"
			],
			"dev": true,
			"license": "MIT OR Apache-2.0",
			"optional": true,
			"os": [
				"linux"
			],
			"engines": {
				"node": ">=14.21.3"
			}
		},
		"node_modules/@biomejs/cli-linux-arm64-musl": {
			"version": "1.9.4",
			"resolved": "https://registry.npmjs.org/@biomejs/cli-linux-arm64-musl/-/cli-linux-arm64-musl-1.9.4.tgz",
			"integrity": "sha512-v665Ct9WCRjGa8+kTr0CzApU0+XXtRgwmzIf1SeKSGAv+2scAlW6JR5PMFo6FzqqZ64Po79cKODKf3/AAmECqA==",
			"cpu": [
				"arm64"
			],
			"dev": true,
			"license": "MIT OR Apache-2.0",
			"optional": true,
			"os": [
				"linux"
			],
			"engines": {
				"node": ">=14.21.3"
			}
		},
		"node_modules/@biomejs/cli-linux-x64": {
			"version": "1.9.4",
			"resolved": "https://registry.npmjs.org/@biomejs/cli-linux-x64/-/cli-linux-x64-1.9.4.tgz",
			"integrity": "sha512-lRCJv/Vi3Vlwmbd6K+oQ0KhLHMAysN8lXoCI7XeHlxaajk06u7G+UsFSO01NAs5iYuWKmVZjmiOzJ0OJmGsMwg==",
			"cpu": [
				"x64"
			],
			"dev": true,
			"license": "MIT OR Apache-2.0",
			"optional": true,
			"os": [
				"linux"
			],
			"engines": {
				"node": ">=14.21.3"
			}
		},
		"node_modules/@biomejs/cli-linux-x64-musl": {
			"version": "1.9.4",
			"resolved": "https://registry.npmjs.org/@biomejs/cli-linux-x64-musl/-/cli-linux-x64-musl-1.9.4.tgz",
			"integrity": "sha512-gEhi/jSBhZ2m6wjV530Yy8+fNqG8PAinM3oV7CyO+6c3CEh16Eizm21uHVsyVBEB6RIM8JHIl6AGYCv6Q6Q9Tg==",
			"cpu": [
				"x64"
			],
			"dev": true,
			"license": "MIT OR Apache-2.0",
			"optional": true,
			"os": [
				"linux"
			],
			"engines": {
				"node": ">=14.21.3"
			}
		},
		"node_modules/@biomejs/cli-win32-arm64": {
			"version": "1.9.4",
			"resolved": "https://registry.npmjs.org/@biomejs/cli-win32-arm64/-/cli-win32-arm64-1.9.4.tgz",
			"integrity": "sha512-tlbhLk+WXZmgwoIKwHIHEBZUwxml7bRJgk0X2sPyNR3S93cdRq6XulAZRQJ17FYGGzWne0fgrXBKpl7l4M87Hg==",
			"cpu": [
				"arm64"
			],
			"dev": true,
			"license": "MIT OR Apache-2.0",
			"optional": true,
			"os": [
				"win32"
			],
			"engines": {
				"node": ">=14.21.3"
			}
		},
		"node_modules/@biomejs/cli-win32-x64": {
			"version": "1.9.4",
			"resolved": "https://registry.npmjs.org/@biomejs/cli-win32-x64/-/cli-win32-x64-1.9.4.tgz",
			"integrity": "sha512-8Y5wMhVIPaWe6jw2H+KlEm4wP/f7EW3810ZLmDlrEEy5KvBsb9ECEfu/kMWD484ijfQ8+nIi0giMgu9g1UAuuA==",
			"cpu": [
				"x64"
			],
			"dev": true,
			"license": "MIT OR Apache-2.0",
			"optional": true,
			"os": [
				"win32"
			],
			"engines": {
				"node": ">=14.21.3"
			}
		},
		"node_modules/lefthook": {
			"version": "1.10.1",
			"resolved": "https://registry.npmjs.org/lefthook/-/lefthook-1.10.1.tgz",
			"integrity": "sha512-WLwXd8FxAcZ0KJg0d/u1r2nY7F/i2XJlyxQSKJkFkbuzqggNU876ksHuNAluSbsZ4nNdI+tWbBUu1Th3SPvgcQ==",
			"dev": true,
			"hasInstallScript": true,
			"license": "MIT",
			"bin": {
				"lefthook": "bin/index.js"
			},
			"optionalDependencies": {
				"lefthook-darwin-arm64": "1.10.1",
				"lefthook-darwin-x64": "1.10.1",
				"lefthook-freebsd-arm64": "1.10.1",
				"lefthook-freebsd-x64": "1.10.1",
				"lefthook-linux-arm64": "1.10.1",
				"lefthook-linux-x64": "1.10.1",
				"lefthook-openbsd-arm64": "1.10.1",
				"lefthook-openbsd-x64": "1.10.1",
				"lefthook-windows-arm64": "1.10.1",
				"lefthook-windows-x64": "1.10.1"
			}
		},
		"node_modules/lefthook-darwin-arm64": {
			"version": "1.10.1",
			"resolved": "https://registry.npmjs.org/lefthook-darwin-arm64/-/lefthook-darwin-arm64-1.10.1.tgz",
			"integrity": "sha512-dGi4Oiu2LSve8Xmz7vHWlUbnU5mk6HnhTbC1CnXqaFbb08yNYSYoJBwsalS+LoO4L6I/pqnv32ESCbdIzuhBiQ==",
			"cpu": [
				"arm64"
			],
			"dev": true,
			"license": "MIT",
			"optional": true,
			"os": [
				"darwin"
			]
		},
		"node_modules/lefthook-darwin-x64": {
			"version": "1.10.1",
			"resolved": "https://registry.npmjs.org/lefthook-darwin-x64/-/lefthook-darwin-x64-1.10.1.tgz",
			"integrity": "sha512-NkEkBZm5jYH4fqbpJweDyJx/+/jWLst0FEHOCU5QZ8xFm+42hTGj4+6kfbjirU1ubvmRY/TeilYDsq1OIr5jZQ==",
			"cpu": [
				"x64"
			],
			"dev": true,
			"license": "MIT",
			"optional": true,
			"os": [
				"darwin"
			]
		},
		"node_modules/lefthook-freebsd-arm64": {
			"version": "1.10.1",
			"resolved": "https://registry.npmjs.org/lefthook-freebsd-arm64/-/lefthook-freebsd-arm64-1.10.1.tgz",
			"integrity": "sha512-hX/c4p0+JoCrr55e8zfXC63ReW3Cg4WKzZKP6NA2uNDaKItHlQ4zR3CCOytdVnuPXOa6f93WB9lmRYtIp34dqw==",
			"cpu": [
				"arm64"
			],
			"dev": true,
			"license": "MIT",
			"optional": true,
			"os": [
				"freebsd"
			]
		},
		"node_modules/lefthook-freebsd-x64": {
			"version": "1.10.1",
			"resolved": "https://registry.npmjs.org/lefthook-freebsd-x64/-/lefthook-freebsd-x64-1.10.1.tgz",
			"integrity": "sha512-0suh8/Mx56Rircc/hvr3vU/XKv0E/afD/LkF8lkOPm4besgq6k9HCkpdPgBykP8Q0ve/W3rOlXeBQ7c7oDhX8Q==",
			"cpu": [
				"x64"
			],
			"dev": true,
			"license": "MIT",
			"optional": true,
			"os": [
				"freebsd"
			]
		},
		"node_modules/lefthook-linux-arm64": {
			"version": "1.10.1",
			"resolved": "https://registry.npmjs.org/lefthook-linux-arm64/-/lefthook-linux-arm64-1.10.1.tgz",
			"integrity": "sha512-zADf8CSkoV7EfpLsy5U22gq0+famMjUEfKy9nacS6zEgPvMxDk5Q/7QpnMWJeeiwkf9XWgQ+GATWuGahA3Id9A==",
			"cpu": [
				"arm64"
			],
			"dev": true,
			"license": "MIT",
			"optional": true,
			"os": [
				"linux"
			]
		},
		"node_modules/lefthook-linux-x64": {
			"version": "1.10.1",
			"resolved": "https://registry.npmjs.org/lefthook-linux-x64/-/lefthook-linux-x64-1.10.1.tgz",
			"integrity": "sha512-wdPVMZAN6vi3/4rlhzaWjR5N3AZE5+dUd3lSzfP6mmfXVQtwnJ29HFUlje6TAnwZBSOBI8yoMsz38FrhPuayYg==",
			"cpu": [
				"x64"
			],
			"dev": true,
			"license": "MIT",
			"optional": true,
			"os": [
				"linux"
			]
		},
		"node_modules/lefthook-openbsd-arm64": {
			"version": "1.10.1",
			"resolved": "https://registry.npmjs.org/lefthook-openbsd-arm64/-/lefthook-openbsd-arm64-1.10.1.tgz",
			"integrity": "sha512-PJ0fHvjcgapaWsn+4uhj3ZMRvkV0Ug+BOrRovF+SdXdA7DiBbRzFPTpUWrGoV3lw7uFjY6pJqGqakDqZ0J7J6g==",
			"cpu": [
				"arm64"
			],
			"dev": true,
			"license": "MIT",
			"optional": true,
			"os": [
				"openbsd"
			]
		},
		"node_modules/lefthook-openbsd-x64": {
			"version": "1.10.1",
			"resolved": "https://registry.npmjs.org/lefthook-openbsd-x64/-/lefthook-openbsd-x64-1.10.1.tgz",
			"integrity": "sha512-Bs0hBWHW4s6Dp0qVG4LXv96Vo1NXsM/y6VrWten3pv2oEO18Yw9PmKd6vl4mGI7yA72wq4HNATBagFx460IIEw==",
			"cpu": [
				"x64"
			],
			"dev": true,
			"license": "MIT",
			"optional": true,
			"os": [
				"openbsd"
			]
		},
		"node_modules/lefthook-windows-arm64": {
			"version": "1.10.1",
			"resolved": "https://registry.npmjs.org/lefthook-windows-arm64/-/lefthook-windows-arm64-1.10.1.tgz",
			"integrity": "sha512-xoBiiAChVSv1YYVkwkpfEoAbjNuRblrA0tI8GOtPBhkzlfBP3MaD5JfU2SPzID9IfAG/yV5dOlrLVKhacQA66A==",
			"cpu": [
				"arm64"
			],
			"dev": true,
			"license": "MIT",
			"optional": true,
			"os": [
				"win32"
			]
		},
		"node_modules/lefthook-windows-x64": {
			"version": "1.10.1",
			"resolved": "https://registry.npmjs.org/lefthook-windows-x64/-/lefthook-windows-x64-1.10.1.tgz",
			"integrity": "sha512-+AwTHtBP8npL604Dd13rnEblWh6a9+sf0lSzoLy22y3jdae4kVENLmYoeZ6bz0Wf6SF18UCjf+byvspQRnnCHg==",
			"cpu": [
				"x64"
			],
			"dev": true,
			"license": "MIT",
			"optional": true,
			"os": [
				"win32"
			]
		}
	}
}
